
Microsoft Visual Studio Solution File, Format Version 12.00
# Visual Studio 14
VisualStudioVersion = 14.0.23107.0
MinimumVisualStudioVersion = 10.0.40219.1
Project("{FAE04EC0-301F-11D3-BF4B-00C04F79EFBC}") = "ZE1Sharp", "src\ZE1Sharp\ZE1Sharp.csproj", "{C76F4152-2DF3-49F8-B9F7-9D4D6130AF14}"
EndProject
Project("{2150E333-8FDC-42A3-9474-1A3956D46DE8}") = "Tests", "Tests", "{84408753-2E1B-40D7-9FC5-A60FD0222AB7}"
EndProject
Project("{FAE04EC0-301F-11D3-BF4B-00C04F79EFBC}") = "ZE1Sharp.IntegrationTests", "tests\ZE1Sharp.IntegrationTests\ZE1Sharp.IntegrationTests.csproj", "{16D03C1D-85AE-4FE2-95EE-3BFD2ABC1DEF}"
EndProject
Project("{2150E333-8FDC-42A3-9474-1A3956D46DE8}") = "Samples", "Samples", "{28832373-304A-4807-BEBE-DBA811E3E048}"
EndProject
Project("{FAE04EC0-301F-11D3-BF4B-00C04F79EFBC}") = "ZE1Sharp.Universal", "samples\ZE1Sharp.Universal\ZE1Sharp.Universal.csproj", "{75D33861-D583-4862-BF5A-EFE6222F951F}"
EndProject
Global
	GlobalSection(SolutionConfigurationPlatforms) = preSolution
		Debug|Any CPU = Debug|Any CPU
		Debug|ARM = Debug|ARM
		Debug|x64 = Debug|x64
		Debug|x86 = Debug|x86
		Release|Any CPU = Release|Any CPU
		Release|ARM = Release|ARM
		Release|x64 = Release|x64
		Release|x86 = Release|x86
	EndGlobalSection
	GlobalSection(ProjectConfigurationPlatforms) = postSolution
		{C76F4152-2DF3-49F8-B9F7-9D4D6130AF14}.Debug|Any CPU.ActiveCfg = Debug|Any CPU
		{C76F4152-2DF3-49F8-B9F7-9D4D6130AF14}.Debug|Any CPU.Build.0 = Debug|Any CPU
		{C76F4152-2DF3-49F8-B9F7-9D4D6130AF14}.Debug|ARM.ActiveCfg = Debug|Any CPU
		{C76F4152-2DF3-49F8-B9F7-9D4D6130AF14}.Debug|ARM.Build.0 = Debug|Any CPU
		{C76F4152-2DF3-49F8-B9F7-9D4D6130AF14}.Debug|x64.ActiveCfg = Debug|Any CPU
		{C76F4152-2DF3-49F8-B9F7-9D4D6130AF14}.Debug|x64.Build.0 = Debug|Any CPU
		{C76F4152-2DF3-49F8-B9F7-9D4D6130AF14}.Debug|x86.ActiveCfg = Debug|Any CPU
		{C76F4152-2DF3-49F8-B9F7-9D4D6130AF14}.Debug|x86.Build.0 = Debug|Any CPU
		{C76F4152-2DF3-49F8-B9F7-9D4D6130AF14}.Release|Any CPU.ActiveCfg = Release|Any CPU
		{C76F4152-2DF3-49F8-B9F7-9D4D6130AF14}.Release|Any CPU.Build.0 = Release|Any CPU
		{C76F4152-2DF3-49F8-B9F7-9D4D6130AF14}.Release|ARM.ActiveCfg = Release|Any CPU
		{C76F4152-2DF3-49F8-B9F7-9D4D6130AF14}.Release|ARM.Build.0 = Release|Any CPU
		{C76F4152-2DF3-49F8-B9F7-9D4D6130AF14}.Release|x64.ActiveCfg = Release|Any CPU
		{C76F4152-2DF3-49F8-B9F7-9D4D6130AF14}.Release|x64.Build.0 = Release|Any CPU
		{C76F4152-2DF3-49F8-B9F7-9D4D6130AF14}.Release|x86.ActiveCfg = Release|Any CPU
		{C76F4152-2DF3-49F8-B9F7-9D4D6130AF14}.Release|x86.Build.0 = Release|Any CPU
		{16D03C1D-85AE-4FE2-95EE-3BFD2ABC1DEF}.Debug|Any CPU.ActiveCfg = Debug|Any CPU
		{16D03C1D-85AE-4FE2-95EE-3BFD2ABC1DEF}.Debug|Any CPU.Build.0 = Debug|Any CPU
		{16D03C1D-85AE-4FE2-95EE-3BFD2ABC1DEF}.Debug|ARM.ActiveCfg = Debug|Any CPU
		{16D03C1D-85AE-4FE2-95EE-3BFD2ABC1DEF}.Debug|ARM.Build.0 = Debug|Any CPU
		{16D03C1D-85AE-4FE2-95EE-3BFD2ABC1DEF}.Debug|x64.ActiveCfg = Debug|Any CPU
		{16D03C1D-85AE-4FE2-95EE-3BFD2ABC1DEF}.Debug|x64.Build.0 = Debug|Any CPU
		{16D03C1D-85AE-4FE2-95EE-3BFD2ABC1DEF}.Debug|x86.ActiveCfg = Debug|Any CPU
		{16D03C1D-85AE-4FE2-95EE-3BFD2ABC1DEF}.Debug|x86.Build.0 = Debug|Any CPU
		{16D03C1D-85AE-4FE2-95EE-3BFD2ABC1DEF}.Release|Any CPU.ActiveCfg = Release|Any CPU
		{16D03C1D-85AE-4FE2-95EE-3BFD2ABC1DEF}.Release|Any CPU.Build.0 = Release|Any CPU
		{16D03C1D-85AE-4FE2-95EE-3BFD2ABC1DEF}.Release|ARM.ActiveCfg = Release|Any CPU
		{16D03C1D-85AE-4FE2-95EE-3BFD2ABC1DEF}.Release|ARM.Build.0 = Release|Any CPU
		{16D03C1D-85AE-4FE2-95EE-3BFD2ABC1DEF}.Release|x64.ActiveCfg = Release|Any CPU
		{16D03C1D-85AE-4FE2-95EE-3BFD2ABC1DEF}.Release|x64.Build.0 = Release|Any CPU
		{16D03C1D-85AE-4FE2-95EE-3BFD2ABC1DEF}.Release|x86.ActiveCfg = Release|Any CPU
		{16D03C1D-85AE-4FE2-95EE-3BFD2ABC1DEF}.Release|x86.Build.0 = Release|Any CPU
		{75D33861-D583-4862-BF5A-EFE6222F951F}.Debug|Any CPU.ActiveCfg = Debug|x86
		{75D33861-D583-4862-BF5A-EFE6222F951F}.Debug|ARM.ActiveCfg = Debug|ARM
		{75D33861-D583-4862-BF5A-EFE6222F951F}.Debug|ARM.Build.0 = Debug|ARM
		{75D33861-D583-4862-BF5A-EFE6222F951F}.Debug|ARM.Deploy.0 = Debug|ARM
		{75D33861-D583-4862-BF5A-EFE6222F951F}.Debug|x64.ActiveCfg = Debug|x64
		{75D33861-D583-4862-BF5A-EFE6222F951F}.Debug|x64.Build.0 = Debug|x64
		{75D33861-D583-4862-BF5A-EFE6222F951F}.Debug|x64.Deploy.0 = Debug|x64
		{75D33861-D583-4862-BF5A-EFE6222F951F}.Debug|x86.ActiveCfg = Debug|x86
		{75D33861-D583-4862-BF5A-EFE6222F951F}.Debug|x86.Build.0 = Debug|x86
		{75D33861-D583-4862-BF5A-EFE6222F951F}.Debug|x86.Deploy.0 = Debug|x86
		{75D33861-D583-4862-BF5A-EFE6222F951F}.Release|Any CPU.ActiveCfg = Release|x86
		{75D33861-D583-4862-BF5A-EFE6222F951F}.Release|ARM.ActiveCfg = Release|ARM
		{75D33861-D583-4862-BF5A-EFE6222F951F}.Release|ARM.Build.0 = Release|ARM
		{75D33861-D583-4862-BF5A-EFE6222F951F}.Release|ARM.Deploy.0 = Release|ARM
		{75D33861-D583-4862-BF5A-EFE6222F951F}.Release|x64.ActiveCfg = Release|x64
		{75D33861-D583-4862-BF5A-EFE6222F951F}.Release|x64.Build.0 = Release|x64
		{75D33861-D583-4862-BF5A-EFE6222F951F}.Release|x64.Deploy.0 = Release|x64
		{75D33861-D583-4862-BF5A-EFE6222F951F}.Release|x86.ActiveCfg = Release|x86
		{75D33861-D583-4862-BF5A-EFE6222F951F}.Release|x86.Build.0 = Release|x86
		{75D33861-D583-4862-BF5A-EFE6222F951F}.Release|x86.Deploy.0 = Release|x86
	EndGlobalSection
	GlobalSection(SolutionProperties) = preSolution
		HideSolutionNode = FALSE
	EndGlobalSection
	GlobalSection(NestedProjects) = preSolution
		{16D03C1D-85AE-4FE2-95EE-3BFD2ABC1DEF} = {84408753-2E1B-40D7-9FC5-A60FD0222AB7}
		{75D33861-D583-4862-BF5A-EFE6222F951F} = {28832373-304A-4807-BEBE-DBA811E3E048}
	EndGlobalSection
EndGlobal
